{
  "name": "contiamo-visualizations",
  "version": "1.0.0",
  "lockfileVersion": 1,
  "requires": true,
  "dependencies": {
    "@types/d3-path": {
      "version": "1.0.6",
      "resolved": "https://registry.npmjs.org/@types/d3-path/-/d3-path-1.0.6.tgz",
      "integrity": "sha512-YHW4cs+wOU9gFUzudjJs9TkrB/8GOgKhq32ZyNaZ2rzZjOhkqG486sGr9XSh4C91CcgIg1FRGoDaN29Ropx9nw=="
    },
    "@types/d3-scale": {
      "version": "1.0.10",
      "resolved": "https://registry.npmjs.org/@types/d3-scale/-/d3-scale-1.0.10.tgz",
      "integrity": "sha512-2CCyRc9o7oawNqNXuv6P1QBFH4PYnZt4IZK6J5nKykQjzezPC/RqCeRDBTk0JhBC8pLcLWYzGR6G2zG2OUwPag==",
      "requires": {
        "@types/d3-time": "1.0.7"
      }
    },
    "@types/d3-selection": {
      "version": "1.1.0",
      "resolved": "https://registry.npmjs.org/@types/d3-selection/-/d3-selection-1.1.0.tgz",
      "integrity": "sha1-WbiPENLP99n/1/6Yazqu894EgiQ="
    },
    "@types/d3-shape": {
      "version": "1.2.1",
      "resolved": "https://registry.npmjs.org/@types/d3-shape/-/d3-shape-1.2.1.tgz",
      "integrity": "sha512-y0QmQtKns0IHBoG80yGLo6rmznHjZs/JODxc9kOgQgkCUe2e07X9DPghXE1KbTTAIr9U85Xm8YSbSzx/ytxyYg==",
      "requires": {
        "@types/d3-path": "1.0.6"
      }
    },
    "@types/d3-time": {
      "version": "1.0.7",
      "resolved": "https://registry.npmjs.org/@types/d3-time/-/d3-time-1.0.7.tgz",
      "integrity": "sha512-X5ZQYiJIM38XygNwld4gZ++Vtw2ftgo3KOfZOY4n/sCudUxclxf/3THBvuG8UqSV+EQ0ezYjT5eyvcrrmixOWA=="
    },
    "@types/d3-transition": {
      "version": "1.1.0",
      "resolved": "https://registry.npmjs.org/@types/d3-transition/-/d3-transition-1.1.0.tgz",
      "integrity": "sha1-dEddSo+KCUSlF9XvhhlwzDAofkA=",
      "requires": {
        "@types/d3-selection": "1.1.0"
      }
    },
    "@types/lodash": {
      "version": "4.14.74",
      "resolved": "https://registry.npmjs.org/@types/lodash/-/lodash-4.14.74.tgz",
      "integrity": "sha512-BZknw3E/z3JmCLqQVANcR17okqVTPZdlxvcIz0fJiJVLUCbSH1hK3zs9r634PVSmrzAxN+n/fxlVRiYoArdOIQ=="
    }
  }
}
